{
  "name": "accelerating-adoption",
  "lockfileVersion": 3,
  "requires": true,
  "packages": {
    "": {
      "dependencies": {
        "@mdn/browser-compat-data": "^7.1.21",
        "cssdb": "^8.4.2",
        "web-features": "^3.9.1"
      }
    },
    "node_modules/@mdn/browser-compat-data": {
      "version": "7.1.21",
      "resolved": "https://registry.npmjs.org/@mdn/browser-compat-data/-/browser-compat-data-7.1.21.tgz",
      "integrity": "sha512-TJV2DMOLj1ZlpNoJAG8EfrdB8UUXzEV+emFf++dSbXKGQWUn9FG4zr6Dn/JvzPMZBoPKOOGcJHYJ304pWcwX1Q==",
      "license": "CC0-1.0"
    },
    "node_modules/cssdb": {
      "version": "8.4.2",
      "resolved": "https://registry.npmjs.org/cssdb/-/cssdb-8.4.2.tgz",
      "integrity": "sha512-PzjkRkRUS+IHDJohtxkIczlxPPZqRo0nXplsYXOMBRPjcVRjj1W4DfvRgshUYTVuUigU7ptVYkFJQ7abUB0nyg==",
      "funding": [
        {
          "type": "opencollective",
          "url": "https://opencollective.com/csstools"
        },
        {
          "type": "github",
          "url": "https://github.com/sponsors/csstools"
        }
      ],
      "license": "MIT-0"
    },
    "node_modules/web-features": {
      "version": "3.9.1",
      "resolved": "https://registry.npmjs.org/web-features/-/web-features-3.9.1.tgz",
      "integrity": "sha512-VgJNtGV0A+KcKD76hiiV3ZGMTxL1FSPjRKueMJa7Rao813MZN2Ip9dzgnmOYYxbLk3mFPITTPkdF3AFJrKxY5g==",
      "license": "Apache-2.0"
    }
  }
}
